<?xml version="1.0" encoding="utf-8"?>
<Project ToolsVersion="4.0" xmlns="http://schemas.microsoft.com/developer/msbuild/2003">
  <ItemGroup>
    <Filter Include="Game">
      <UniqueIdentifier>{93995380-89BD-4b04-88EB-625FBE52EBFB}</UniqueIdentifier>
      <Extensions>h;hpp;hxx;hm;inl;inc;xsd</Extensions>
    </Filter>
    <Filter Include="GameSource">
      <UniqueIdentifier>{4FC737F1-C7A5-4376-A066-2A32D752A2FF}</UniqueIdentifier>
      <Extensions>cpp;c;cc;cxx;def;odl;idl;hpj;bat;asm;asmx</Extensions>
    </Filter>
    <Filter Include="Resources">
      <UniqueIdentifier>{67DA6AB6-F800-4c08-8B7A-83BB121AAD01}</UniqueIdentifier>
      <Extensions>rc;ico;cur;bmp;dlg;rc2;rct;bin;rgs;gif;jpg;jpeg;jpe;resx;tiff;tif;png;wav;mfcribbon-ms</Extensions>
    </Filter>
    <Filter Include="Game\Framework">
      <UniqueIdentifier>{7cce3e30-5487-4041-a7c5-9637190fe442}</UniqueIdentifier>
    </Filter>
    <Filter Include="GameSource\Framework">
      <UniqueIdentifier>{c1596f46-457f-4259-a765-cec6e70e22b6}</UniqueIdentifier>
    </Filter>
    <Filter Include="Game\Scene">
      <UniqueIdentifier>{669eb6c9-bbef-4ca6-9566-5b25ef752339}</UniqueIdentifier>
    </Filter>
    <Filter Include="GameSource\Scene">
      <UniqueIdentifier>{c79daf0a-5210-4b44-b977-d4d49409bd26}</UniqueIdentifier>
    </Filter>
    <Filter Include="Game\Objects">
      <UniqueIdentifier>{0f3df7be-20e7-41b1-9481-b9b19b68e5c7}</UniqueIdentifier>
    </Filter>
    <Filter Include="GameSource\Objects">
      <UniqueIdentifier>{47c4b3f7-ff35-4869-8354-a826e10984e1}</UniqueIdentifier>
    </Filter>
    <Filter Include="Game\Framework\Manager">
      <UniqueIdentifier>{060344b9-46ff-4230-95d9-ae9dbfe4caee}</UniqueIdentifier>
    </Filter>
    <Filter Include="GameSource\Framework\Manager">
      <UniqueIdentifier>{74a5d4fd-d667-4255-a49e-6fedd963fe6e}</UniqueIdentifier>
    </Filter>
    <Filter Include="Game\Tiles">
      <UniqueIdentifier>{ce444d46-dde8-4a51-ada3-9fb2c66bcef5}</UniqueIdentifier>
    </Filter>
    <Filter Include="GameSource\Tiles">
      <UniqueIdentifier>{b1979ca8-3c6d-43ed-ba18-7c28cc9bf6f8}</UniqueIdentifier>
    </Filter>
  </ItemGroup>
  <ItemGroup>
    <ClCompile Include="Framework\Animation.cpp">
      <Filter>GameSource\Framework</Filter>
    </ClCompile>
    <ClCompile Include="Framework\DeviceManager.cpp">
      <Filter>GameSource\Framework</Filter>
    </ClCompile>
    <ClCompile Include="Framework\dxaudio.cpp">
      <Filter>GameSource\Framework</Filter>
    </ClCompile>
    <ClCompile Include="Framework\Event.cpp">
      <Filter>GameSource\Framework</Filter>
    </ClCompile>
    <ClCompile Include="Framework\GameTime.cpp">
      <Filter>GameSource\Framework</Filter>
    </ClCompile>
    <ClCompile Include="Framework\Graphics.cpp">
      <Filter>GameSource\Framework</Filter>
    </ClCompile>
    <ClCompile Include="Framework\IComponent.cpp">
      <Filter>GameSource\Framework</Filter>
    </ClCompile>
    <ClCompile Include="Framework\InputController.cpp">
      <Filter>GameSource\Framework</Filter>
    </ClCompile>
    <ClCompile Include="Framework\main.cpp">
      <Filter>GameSource\Framework</Filter>
    </ClCompile>
    <ClCompile Include="pugixml\pugixml.cpp">
      <Filter>GameSource\Framework</Filter>
    </ClCompile>
    <ClCompile Include="Framework\Scene.cpp">
      <Filter>GameSource\Framework</Filter>
    </ClCompile>
    <ClCompile Include="Framework\Sprite.cpp">
      <Filter>GameSource\Framework</Filter>
    </ClCompile>
    <ClCompile Include="Framework\StopWatch.cpp">
      <Filter>GameSource\Framework</Filter>
    </ClCompile>
    <ClCompile Include="Framework\Surface.cpp">
      <Filter>GameSource\Framework</Filter>
    </ClCompile>
    <ClCompile Include="Framework\Text.cpp">
      <Filter>GameSource\Framework</Filter>
    </ClCompile>
    <ClCompile Include="Framework\Texture.cpp">
      <Filter>GameSource\Framework</Filter>
    </ClCompile>
    <ClCompile Include="Framework\TimeSpan.cpp">
      <Filter>GameSource\Framework</Filter>
    </ClCompile>
    <ClCompile Include="Framework\Transformable.cpp">
      <Filter>GameSource\Framework</Filter>
    </ClCompile>
    <ClCompile Include="Framework\utils.cpp">
      <Filter>GameSource\Framework</Filter>
    </ClCompile>
    <ClCompile Include="Framework\Viewport.cpp">
      <Filter>GameSource\Framework</Filter>
    </ClCompile>
    <ClCompile Include="main.cpp" />
    <ClCompile Include="Game.cpp">
      <Filter>GameSource</Filter>
    </ClCompile>
    <ClCompile Include="CastlevaniaGame.cpp">
      <Filter>GameSource</Filter>
    </ClCompile>
    <ClCompile Include="Scene\IntroScene.cpp">
      <Filter>GameSource\Scene</Filter>
    </ClCompile>
    <ClCompile Include="Objects\TextSprite.cpp">
      <Filter>GameSource\Objects</Filter>
    </ClCompile>
    <ClCompile Include="Objects\BaseObject.cpp">
      <Filter>GameSource\Objects</Filter>
    </ClCompile>
    <ClCompile Include="Framework\Managers\SceneManager.cpp">
      <Filter>GameSource\Framework</Filter>
    </ClCompile>
    <ClCompile Include="Framework\SpriteManager.cpp">
      <Filter>GameSource\Framework\Manager</Filter>
    </ClCompile>
    <ClCompile Include="Framework\Managers\SoundManager.cpp">
      <Filter>GameSource\Framework\Manager</Filter>
    </ClCompile>
    <ClCompile Include="Tiles\Tile.cpp">
      <Filter>GameSource\Tiles</Filter>
    </ClCompile>
    <ClCompile Include="Tiles\TileSet.cpp">
      <Filter>GameSource\Tiles</Filter>
    </ClCompile>
    <ClCompile Include="Objects\CollisionBody.cpp">
      <Filter>GameSource\Objects</Filter>
    </ClCompile>
    <ClCompile Include="Objects\EmptyObject.cpp">
      <Filter>GameSource\Objects</Filter>
    </ClCompile>
    <ClCompile Include="Objects\Player.cpp">
      <Filter>GameSource\Objects</Filter>
    </ClCompile>
    <ClCompile Include="Objects\Help.cpp">
      <Filter>GameSource\Objects</Filter>
    </ClCompile>
    <ClCompile Include="Framework\Stage21.cpp">
      <Filter>GameSource\Scene</Filter>
    </ClCompile>
    <ClCompile Include="Tiles\TileMap.cpp">
      <Filter>GameSource\Tiles</Filter>
    </ClCompile>
    <ClCompile Include="Objects\Info.cpp">
      <Filter>GameSource\Objects</Filter>
    </ClCompile>
    <ClCompile Include="Framework\QuadtreeNode.cpp">
      <Filter>GameSource\Framework</Filter>
    </ClCompile>
  </ItemGroup>
  <ItemGroup>
    <ClInclude Include="Framework\Animation.h">
      <Filter>Game\Framework</Filter>
    </ClInclude>
    <ClInclude Include="Framework\define.h">
      <Filter>Game\Framework</Filter>
    </ClInclude>
    <ClInclude Include="Framework\DeviceManager.h">
      <Filter>Game\Framework</Filter>
    </ClInclude>
    <ClInclude Include="Framework\dxaudio.h">
      <Filter>Game\Framework</Filter>
    </ClInclude>
    <ClInclude Include="Framework\Event.h">
      <Filter>Game\Framework</Filter>
    </ClInclude>
    <ClInclude Include="Framework\GameTime.h">
      <Filter>Game\Framework</Filter>
    </ClInclude>
    <ClInclude Include="Framework\Graphics.h">
      <Filter>Game\Framework</Filter>
    </ClInclude>
    <ClInclude Include="Framework\IComponent.h">
      <Filter>Game\Framework</Filter>
    </ClInclude>
    <ClInclude Include="Framework\InputController.h">
      <Filter>Game\Framework</Filter>
    </ClInclude>
    <ClInclude Include="pugixml\pugiconfig.hpp">
      <Filter>Game\Framework</Filter>
    </ClInclude>
    <ClInclude Include="pugixml\pugixml.hpp">
      <Filter>Game\Framework</Filter>
    </ClInclude>
    <ClInclude Include="Framework\Scene.h">
      <Filter>Game\Framework</Filter>
    </ClInclude>
    <ClInclude Include="Framework\Sprite.h">
      <Filter>Game\Framework</Filter>
    </ClInclude>
    <ClInclude Include="Framework\StopWatch.h">
      <Filter>Game\Framework</Filter>
    </ClInclude>
    <ClInclude Include="Framework\Surface.h">
      <Filter>Game\Framework</Filter>
    </ClInclude>
    <ClInclude Include="Framework\Text.h">
      <Filter>Game\Framework</Filter>
    </ClInclude>
    <ClInclude Include="Framework\Texture.h">
      <Filter>Game\Framework</Filter>
    </ClInclude>
    <ClInclude Include="Framework\TimeSpan.h">
      <Filter>Game\Framework</Filter>
    </ClInclude>
    <ClInclude Include="Framework\Transformable.h">
      <Filter>Game\Framework</Filter>
    </ClInclude>
    <ClInclude Include="Framework\utils.h">
      <Filter>Game\Framework</Filter>
    </ClInclude>
    <ClInclude Include="Framework\Viewport.h">
      <Filter>Game\Framework</Filter>
    </ClInclude>
    <ClInclude Include="Game.h">
      <Filter>Game</Filter>
    </ClInclude>
    <ClInclude Include="CastlevaniaGame.h">
      <Filter>Game</Filter>
    </ClInclude>
    <ClInclude Include="Scene\IntroScene.h">
      <Filter>Game\Scene</Filter>
    </ClInclude>
    <ClInclude Include="Objects\TextSprite.h">
      <Filter>Game\Objects</Filter>
    </ClInclude>
    <ClInclude Include="Objects\BaseObject.h">
      <Filter>Game\Objects</Filter>
    </ClInclude>
    <ClInclude Include="Framework\Managers\SoundManager.h">
      <Filter>Game\Framework\Manager</Filter>
    </ClInclude>
    <ClInclude Include="Framework\SpriteManager.h">
      <Filter>Game\Framework\Manager</Filter>
    </ClInclude>
    <ClInclude Include="Framework\Managers\SceneManager.h">
      <Filter>Game\Framework</Filter>
    </ClInclude>
    <ClInclude Include="Stage21.h">
      <Filter>Game\Scene</Filter>
    </ClInclude>
    <ClInclude Include="Tiles\config.h">
      <Filter>Game</Filter>
    </ClInclude>
    <ClInclude Include="Tiles\Tile.h">
      <Filter>Game\Tiles</Filter>
    </ClInclude>
    <ClInclude Include="Tiles\TileSet.h">
      <Filter>Game\Tiles</Filter>
    </ClInclude>
    <ClInclude Include="Objects\Player.h">
      <Filter>Game\Objects</Filter>
    </ClInclude>
    <ClInclude Include="Objects\CollisionBody.h">
      <Filter>Game\Objects</Filter>
    </ClInclude>
    <ClInclude Include="Objects\EmptyObject.h">
      <Filter>Game\Objects</Filter>
    </ClInclude>
    <ClInclude Include="Objects\Help.h">
      <Filter>Game\Objects</Filter>
    </ClInclude>
    <ClInclude Include="Tiles\TileMap.h">
      <Filter>Game\Tiles</Filter>
    </ClInclude>
    <ClInclude Include="Objects\Info.h">
      <Filter>Game\Objects</Filter>
    </ClInclude>
    <ClInclude Include="Framework\QuadtreeNode.h">
      <Filter>Game\Framework</Filter>
    </ClInclude>
  </ItemGroup>
</Project>